
Microsoft Visual Studio Solution File, Format Version 12.00
# Visual Studio Version 17
VisualStudioVersion = 17.0.31919.166
MinimumVisualStudioVersion = 10.0.40219.1
Project("{FAE04EC0-301F-11D3-BF4B-00C04F79EFBC}") = "Aula3.WebApp", "Aula3.WebApp\Aula3.WebApp.csproj", "{5CE24CA7-950C-4727-A9BA-70A947CDE343}"
EndProject
Global
	GlobalSection(SolutionConfigurationPlatforms) = preSolution
		Debug|Any CPU = Debug|Any CPU
		Release|Any CPU = Release|Any CPU
	EndGlobalSection
	GlobalSection(ProjectConfigurationPlatforms) = postSolution
		{5CE24CA7-950C-4727-A9BA-70A947CDE343}.Debug|Any CPU.ActiveCfg = Debug|Any CPU
		{5CE24CA7-950C-4727-A9BA-70A947CDE343}.Debug|Any CPU.Build.0 = Debug|Any CPU
		{5CE24CA7-950C-4727-A9BA-70A947CDE343}.Release|Any CPU.ActiveCfg = Release|Any CPU
		{5CE24CA7-950C-4727-A9BA-70A947CDE343}.Release|Any CPU.Build.0 = Release|Any CPU
	EndGlobalSection
	GlobalSection(SolutionProperties) = preSolution
		HideSolutionNode = FALSE
	EndGlobalSection
	GlobalSection(ExtensibilityGlobals) = postSolution
		SolutionGuid = {3840A8D6-CA8E-4AD6-A0ED-1898B4F84B09}
	EndGlobalSection
EndGlobal
